// !$*UTF8*$!
{
	archiveVersion = 1;
	classes = {
	};
	objectVersion = 56;
	objects = {

/* Begin PBXBuildFile section */
		5813192F29FAB66000EB75B4 /* IAPManager.swift in Sources */ = {isa = PBXBuildFile; fileRef = 5813192E29FAB66000EB75B4 /* IAPManager.swift */; };
		581CF44D29F3A91C0030ACF6 /* AppDelegate.swift in Sources */ = {isa = PBXBuildFile; fileRef = 581CF44C29F3A91C0030ACF6 /* AppDelegate.swift */; };
		581CF44F29F3A91C0030ACF6 /* SceneDelegate.swift in Sources */ = {isa = PBXBuildFile; fileRef = 581CF44E29F3A91C0030ACF6 /* SceneDelegate.swift */; };
		581CF45129F3A91C0030ACF6 /* LoginViewController.swift in Sources */ = {isa = PBXBuildFile; fileRef = 581CF45029F3A91C0030ACF6 /* LoginViewController.swift */; };
		581CF45629F3A91D0030ACF6 /* Assets.xcassets in Resources */ = {isa = PBXBuildFile; fileRef = 581CF45529F3A91D0030ACF6 /* Assets.xcassets */; };
		581CF45929F3A91D0030ACF6 /* LaunchScreen.storyboard in Resources */ = {isa = PBXBuildFile; fileRef = 581CF45729F3A91D0030ACF6 /* LaunchScreen.storyboard */; };
		581CF46229F3A9A30030ACF6 /* Then in Frameworks */ = {isa = PBXBuildFile; productRef = 581CF46129F3A9A30030ACF6 /* Then */; };
		581CF46529F3A9C90030ACF6 /* SnapKit in Frameworks */ = {isa = PBXBuildFile; productRef = 581CF46429F3A9C90030ACF6 /* SnapKit */; };
		583B1FD929F6E83100CC1938 /* InAppPurchaseManager.swift in Sources */ = {isa = PBXBuildFile; fileRef = 583B1FD829F6E83100CC1938 /* InAppPurchaseManager.swift */; };
		584C007329FF6167006C4DE7 /* HomeHeaderTabView.swift in Sources */ = {isa = PBXBuildFile; fileRef = 584C007229FF6167006C4DE7 /* HomeHeaderTabView.swift */; };
		584C007629FF6492006C4DE7 /* HomeHeaderTabCollectionViewCell.swift in Sources */ = {isa = PBXBuildFile; fileRef = 584C007529FF6492006C4DE7 /* HomeHeaderTabCollectionViewCell.swift */; };
		584C007829FF665A006C4DE7 /* HomeTabViewModel.swift in Sources */ = {isa = PBXBuildFile; fileRef = 584C007729FF665A006C4DE7 /* HomeTabViewModel.swift */; };
		584C007A29FF6BA5006C4DE7 /* HomeCommonViewModel.swift in Sources */ = {isa = PBXBuildFile; fileRef = 584C007929FF6BA5006C4DE7 /* HomeCommonViewModel.swift */; };
		584C007C29FF8558006C4DE7 /* ProfileViewModel.swift in Sources */ = {isa = PBXBuildFile; fileRef = 584C007B29FF8558006C4DE7 /* ProfileViewModel.swift */; };
		584C007F29FFA7FA006C4DE7 /* ProfileModel.swift in Sources */ = {isa = PBXBuildFile; fileRef = 584C007E29FFA7FA006C4DE7 /* ProfileModel.swift */; };
		584C008129FFC006006C4DE7 /* UILabel+Extensions.swift in Sources */ = {isa = PBXBuildFile; fileRef = 584C008029FFC006006C4DE7 /* UILabel+Extensions.swift */; };
		584C008329FFD1B9006C4DE7 /* UICollectionViewCell+Enxtensions.swift in Sources */ = {isa = PBXBuildFile; fileRef = 584C008229FFD1B9006C4DE7 /* UICollectionViewCell+Enxtensions.swift */; };
		585C609D29FE608E00D8BE85 /* UIColor+Extensions.swift in Sources */ = {isa = PBXBuildFile; fileRef = 585C609C29FE608E00D8BE85 /* UIColor+Extensions.swift */; };
		585C609F29FE609A00D8BE85 /* UIFont+Extensions.swift in Sources */ = {isa = PBXBuildFile; fileRef = 585C609E29FE609A00D8BE85 /* UIFont+Extensions.swift */; };
		585C60A129FE60A100D8BE85 /* UIView+Extensions.swift in Sources */ = {isa = PBXBuildFile; fileRef = 585C60A029FE60A100D8BE85 /* UIView+Extensions.swift */; };
		585C60A329FE60A900D8BE85 /* UIButton+Extensions.swift in Sources */ = {isa = PBXBuildFile; fileRef = 585C60A229FE60A900D8BE85 /* UIButton+Extensions.swift */; };
		585C60A529FE60B100D8BE85 /* String+Extensions.swift in Sources */ = {isa = PBXBuildFile; fileRef = 585C60A429FE60B100D8BE85 /* String+Extensions.swift */; };
		585C60A729FE60B700D8BE85 /* Protocols.swift in Sources */ = {isa = PBXBuildFile; fileRef = 585C60A629FE60B700D8BE85 /* Protocols.swift */; };
		585C60A929FE613000D8BE85 /* LoggedInViewController.swift in Sources */ = {isa = PBXBuildFile; fileRef = 585C60A829FE613000D8BE85 /* LoggedInViewController.swift */; };
		585C60AB29FE614100D8BE85 /* CreatingNicknameViewController.swift in Sources */ = {isa = PBXBuildFile; fileRef = 585C60AA29FE614100D8BE85 /* CreatingNicknameViewController.swift */; };
		585C60AD29FE614A00D8BE85 /* LoginViewModel.swift in Sources */ = {isa = PBXBuildFile; fileRef = 585C60AC29FE614A00D8BE85 /* LoginViewModel.swift */; };
		585C60AF29FE616200D8BE85 /* CustomNavigationBarView.swift in Sources */ = {isa = PBXBuildFile; fileRef = 585C60AE29FE616200D8BE85 /* CustomNavigationBarView.swift */; };
		585C60B229FE620D00D8BE85 /* RxCocoa in Frameworks */ = {isa = PBXBuildFile; productRef = 585C60B129FE620D00D8BE85 /* RxCocoa */; };
		585C60B429FE620D00D8BE85 /* RxRelay in Frameworks */ = {isa = PBXBuildFile; productRef = 585C60B329FE620D00D8BE85 /* RxRelay */; };
		585C60B629FE620D00D8BE85 /* RxSwift in Frameworks */ = {isa = PBXBuildFile; productRef = 585C60B529FE620D00D8BE85 /* RxSwift */; };
		585C60B829FE624000D8BE85 /* PretendardVariable.ttf in Resources */ = {isa = PBXBuildFile; fileRef = 585C60B729FE624000D8BE85 /* PretendardVariable.ttf */; };
		585C60BC29FE6B9600D8BE85 /* HomeViewController.swift in Sources */ = {isa = PBXBuildFile; fileRef = 585C60BB29FE6B9600D8BE85 /* HomeViewController.swift */; };
		585C60BF29FE6C1E00D8BE85 /* HomeHeaderCustomBarView.swift in Sources */ = {isa = PBXBuildFile; fileRef = 585C60BE29FE6C1E00D8BE85 /* HomeHeaderCustomBarView.swift */; };
		585C60C129FE6D0D00D8BE85 /* UIImage+Extensions.swift in Sources */ = {isa = PBXBuildFile; fileRef = 585C60C029FE6D0D00D8BE85 /* UIImage+Extensions.swift */; };
		585C60C329FE6D8900D8BE85 /* UIImageView+Extensions.swift in Sources */ = {isa = PBXBuildFile; fileRef = 585C60C229FE6D8900D8BE85 /* UIImageView+Extensions.swift */; };
/* End PBXBuildFile section */

/* Begin PBXFileReference section */
		5813192E29FAB66000EB75B4 /* IAPManager.swift */ = {isa = PBXFileReference; lastKnownFileType = sourcecode.swift; path = IAPManager.swift; sourceTree = "<group>"; };
		581CF44929F3A91C0030ACF6 /* SOPTWEEK3.app */ = {isa = PBXFileReference; explicitFileType = wrapper.application; includeInIndex = 0; path = SOPTWEEK3.app; sourceTree = BUILT_PRODUCTS_DIR; };
		581CF44C29F3A91C0030ACF6 /* AppDelegate.swift */ = {isa = PBXFileReference; lastKnownFileType = sourcecode.swift; path = AppDelegate.swift; sourceTree = "<group>"; };
		581CF44E29F3A91C0030ACF6 /* SceneDelegate.swift */ = {isa = PBXFileReference; lastKnownFileType = sourcecode.swift; path = SceneDelegate.swift; sourceTree = "<group>"; };
		581CF45029F3A91C0030ACF6 /* LoginViewController.swift */ = {isa = PBXFileReference; lastKnownFileType = sourcecode.swift; path = LoginViewController.swift; sourceTree = "<group>"; };
		581CF45529F3A91D0030ACF6 /* Assets.xcassets */ = {isa = PBXFileReference; lastKnownFileType = folder.assetcatalog; path = Assets.xcassets; sourceTree = "<group>"; };
		581CF45829F3A91D0030ACF6 /* Base */ = {isa = PBXFileReference; lastKnownFileType = file.storyboard; name = Base; path = Base.lproj/LaunchScreen.storyboard; sourceTree = "<group>"; };
		581CF45A29F3A91D0030ACF6 /* Info.plist */ = {isa = PBXFileReference; lastKnownFileType = text.plist.xml; path = Info.plist; sourceTree = "<group>"; };
		583B1FD829F6E83100CC1938 /* InAppPurchaseManager.swift */ = {isa = PBXFileReference; lastKnownFileType = sourcecode.swift; path = InAppPurchaseManager.swift; sourceTree = "<group>"; };
		584C007229FF6167006C4DE7 /* HomeHeaderTabView.swift */ = {isa = PBXFileReference; lastKnownFileType = sourcecode.swift; path = HomeHeaderTabView.swift; sourceTree = "<group>"; };
		584C007529FF6492006C4DE7 /* HomeHeaderTabCollectionViewCell.swift */ = {isa = PBXFileReference; lastKnownFileType = sourcecode.swift; path = HomeHeaderTabCollectionViewCell.swift; sourceTree = "<group>"; };
		584C007729FF665A006C4DE7 /* HomeTabViewModel.swift */ = {isa = PBXFileReference; lastKnownFileType = sourcecode.swift; path = HomeTabViewModel.swift; sourceTree = "<group>"; };
		584C007929FF6BA5006C4DE7 /* HomeCommonViewModel.swift */ = {isa = PBXFileReference; lastKnownFileType = sourcecode.swift; path = HomeCommonViewModel.swift; sourceTree = "<group>"; };
		584C007B29FF8558006C4DE7 /* ProfileViewModel.swift */ = {isa = PBXFileReference; lastKnownFileType = sourcecode.swift; path = ProfileViewModel.swift; sourceTree = "<group>"; };
		584C007E29FFA7FA006C4DE7 /* ProfileModel.swift */ = {isa = PBXFileReference; lastKnownFileType = sourcecode.swift; path = ProfileModel.swift; sourceTree = "<group>"; };
		584C008029FFC006006C4DE7 /* UILabel+Extensions.swift */ = {isa = PBXFileReference; lastKnownFileType = sourcecode.swift; path = "UILabel+Extensions.swift"; sourceTree = "<group>"; };
		584C008229FFD1B9006C4DE7 /* UICollectionViewCell+Enxtensions.swift */ = {isa = PBXFileReference; lastKnownFileType = sourcecode.swift; path = "UICollectionViewCell+Enxtensions.swift"; sourceTree = "<group>"; };
		585C609C29FE608E00D8BE85 /* UIColor+Extensions.swift */ = {isa = PBXFileReference; lastKnownFileType = sourcecode.swift; path = "UIColor+Extensions.swift"; sourceTree = "<group>"; };
		585C609E29FE609A00D8BE85 /* UIFont+Extensions.swift */ = {isa = PBXFileReference; lastKnownFileType = sourcecode.swift; path = "UIFont+Extensions.swift"; sourceTree = "<group>"; };
		585C60A029FE60A100D8BE85 /* UIView+Extensions.swift */ = {isa = PBXFileReference; lastKnownFileType = sourcecode.swift; path = "UIView+Extensions.swift"; sourceTree = "<group>"; };
		585C60A229FE60A900D8BE85 /* UIButton+Extensions.swift */ = {isa = PBXFileReference; lastKnownFileType = sourcecode.swift; path = "UIButton+Extensions.swift"; sourceTree = "<group>"; };
		585C60A429FE60B100D8BE85 /* String+Extensions.swift */ = {isa = PBXFileReference; lastKnownFileType = sourcecode.swift; path = "String+Extensions.swift"; sourceTree = "<group>"; };
		585C60A629FE60B700D8BE85 /* Protocols.swift */ = {isa = PBXFileReference; lastKnownFileType = sourcecode.swift; path = Protocols.swift; sourceTree = "<group>"; };
		585C60A829FE613000D8BE85 /* LoggedInViewController.swift */ = {isa = PBXFileReference; lastKnownFileType = sourcecode.swift; path = LoggedInViewController.swift; sourceTree = "<group>"; };
		585C60AA29FE614100D8BE85 /* CreatingNicknameViewController.swift */ = {isa = PBXFileReference; lastKnownFileType = sourcecode.swift; path = CreatingNicknameViewController.swift; sourceTree = "<group>"; };
		585C60AC29FE614A00D8BE85 /* LoginViewModel.swift */ = {isa = PBXFileReference; lastKnownFileType = sourcecode.swift; path = LoginViewModel.swift; sourceTree = "<group>"; };
		585C60AE29FE616200D8BE85 /* CustomNavigationBarView.swift */ = {isa = PBXFileReference; lastKnownFileType = sourcecode.swift; path = CustomNavigationBarView.swift; sourceTree = "<group>"; };
		585C60B729FE624000D8BE85 /* PretendardVariable.ttf */ = {isa = PBXFileReference; lastKnownFileType = file; name = PretendardVariable.ttf; path = "../../../../Resource/Pretendard-1/public/variable/PretendardVariable.ttf"; sourceTree = "<group>"; };
		585C60BB29FE6B9600D8BE85 /* HomeViewController.swift */ = {isa = PBXFileReference; lastKnownFileType = sourcecode.swift; path = HomeViewController.swift; sourceTree = "<group>"; };
		585C60BE29FE6C1E00D8BE85 /* HomeHeaderCustomBarView.swift */ = {isa = PBXFileReference; lastKnownFileType = sourcecode.swift; path = HomeHeaderCustomBarView.swift; sourceTree = "<group>"; };
		585C60C029FE6D0D00D8BE85 /* UIImage+Extensions.swift */ = {isa = PBXFileReference; lastKnownFileType = sourcecode.swift; path = "UIImage+Extensions.swift"; sourceTree = "<group>"; };
		585C60C229FE6D8900D8BE85 /* UIImageView+Extensions.swift */ = {isa = PBXFileReference; lastKnownFileType = sourcecode.swift; path = "UIImageView+Extensions.swift"; sourceTree = "<group>"; };
/* End PBXFileReference section */

/* Begin PBXFrameworksBuildPhase section */
		581CF44629F3A91C0030ACF6 /* Frameworks */ = {
			isa = PBXFrameworksBuildPhase;
			buildActionMask = 2147483647;
			files = (
				585C60B229FE620D00D8BE85 /* RxCocoa in Frameworks */,
				581CF46229F3A9A30030ACF6 /* Then in Frameworks */,
				585C60B629FE620D00D8BE85 /* RxSwift in Frameworks */,
				585C60B429FE620D00D8BE85 /* RxRelay in Frameworks */,
				581CF46529F3A9C90030ACF6 /* SnapKit in Frameworks */,
			);
			runOnlyForDeploymentPostprocessing = 0;
		};
/* End PBXFrameworksBuildPhase section */

/* Begin PBXGroup section */
		5813192D29FAB60700EB75B4 /* StoreKit */ = {
			isa = PBXGroup;
			children = (
				583B1FD829F6E83100CC1938 /* InAppPurchaseManager.swift */,
				5813192E29FAB66000EB75B4 /* IAPManager.swift */,
			);
			path = StoreKit;
			sourceTree = "<group>";
		};
		581CF44029F3A91C0030ACF6 = {
			isa = PBXGroup;
			children = (
				581CF44B29F3A91C0030ACF6 /* SOPTWEEK3 */,
				581CF44A29F3A91C0030ACF6 /* Products */,
			);
			sourceTree = "<group>";
		};
		581CF44A29F3A91C0030ACF6 /* Products */ = {
			isa = PBXGroup;
			children = (
				581CF44929F3A91C0030ACF6 /* SOPTWEEK3.app */,
			);
			name = Products;
			sourceTree = "<group>";
		};
		581CF44B29F3A91C0030ACF6 /* SOPTWEEK3 */ = {
			isa = PBXGroup;
			children = (
				585C609329FE5E3B00D8BE85 /* Extensions */,
				584C007D29FFA7E8006C4DE7 /* Models */,
				585C609429FE5E4600D8BE85 /* Protocols */,
				585C609529FE5E5600D8BE85 /* Resources */,
				5813192D29FAB60700EB75B4 /* StoreKit */,
				585C609629FE5E6300D8BE85 /* Supports */,
				585C609729FE5E6D00D8BE85 /* ViewControllers */,
				585C609929FE5EDA00D8BE85 /* ViewModels */,
				585C609A29FE5EE200D8BE85 /* Views */,
			);
			path = SOPTWEEK3;
			sourceTree = "<group>";
		};
		584C007129FF53AE006C4DE7 /* Home */ = {
			isa = PBXGroup;
			children = (
				585C60BE29FE6C1E00D8BE85 /* HomeHeaderCustomBarView.swift */,
				584C007229FF6167006C4DE7 /* HomeHeaderTabView.swift */,
				584C007429FF6422006C4DE7 /* Cells */,
			);
			path = Home;
			sourceTree = "<group>";
		};
		584C007429FF6422006C4DE7 /* Cells */ = {
			isa = PBXGroup;
			children = (
				584C007529FF6492006C4DE7 /* HomeHeaderTabCollectionViewCell.swift */,
			);
			path = Cells;
			sourceTree = "<group>";
		};
		584C007D29FFA7E8006C4DE7 /* Models */ = {
			isa = PBXGroup;
			children = (
				584C007E29FFA7FA006C4DE7 /* ProfileModel.swift */,
			);
			path = Models;
			sourceTree = "<group>";
		};
		585C609329FE5E3B00D8BE85 /* Extensions */ = {
			isa = PBXGroup;
			children = (
				585C609C29FE608E00D8BE85 /* UIColor+Extensions.swift */,
				585C609E29FE609A00D8BE85 /* UIFont+Extensions.swift */,
				585C60A029FE60A100D8BE85 /* UIView+Extensions.swift */,
				585C60A229FE60A900D8BE85 /* UIButton+Extensions.swift */,
				585C60A429FE60B100D8BE85 /* String+Extensions.swift */,
				585C60C029FE6D0D00D8BE85 /* UIImage+Extensions.swift */,
				585C60C229FE6D8900D8BE85 /* UIImageView+Extensions.swift */,
				584C008029FFC006006C4DE7 /* UILabel+Extensions.swift */,
				584C008229FFD1B9006C4DE7 /* UICollectionViewCell+Enxtensions.swift */,
			);
			path = Extensions;
			sourceTree = "<group>";
		};
		585C609429FE5E4600D8BE85 /* Protocols */ = {
			isa = PBXGroup;
			children = (
				585C60A629FE60B700D8BE85 /* Protocols.swift */,
			);
			path = Protocols;
			sourceTree = "<group>";
		};
		585C609529FE5E5600D8BE85 /* Resources */ = {
			isa = PBXGroup;
			children = (
				585C609829FE5EC600D8BE85 /* Fonts */,
				581CF45729F3A91D0030ACF6 /* LaunchScreen.storyboard */,
				581CF45529F3A91D0030ACF6 /* Assets.xcassets */,
			);
			path = Resources;
			sourceTree = "<group>";
		};
		585C609629FE5E6300D8BE85 /* Supports */ = {
			isa = PBXGroup;
			children = (
				581CF45A29F3A91D0030ACF6 /* Info.plist */,
				581CF44C29F3A91C0030ACF6 /* AppDelegate.swift */,
				581CF44E29F3A91C0030ACF6 /* SceneDelegate.swift */,
			);
			path = Supports;
			sourceTree = "<group>";
		};
		585C609729FE5E6D00D8BE85 /* ViewControllers */ = {
			isa = PBXGroup;
			children = (
				585C60BA29FE6B8100D8BE85 /* Home */,
				585C60B929FE6B7700D8BE85 /* Login */,
			);
			path = ViewControllers;
			sourceTree = "<group>";
		};
		585C609829FE5EC600D8BE85 /* Fonts */ = {
			isa = PBXGroup;
			children = (
				585C60B729FE624000D8BE85 /* PretendardVariable.ttf */,
			);
			path = Fonts;
			sourceTree = "<group>";
		};
		585C609929FE5EDA00D8BE85 /* ViewModels */ = {
			isa = PBXGroup;
			children = (
				585C60AC29FE614A00D8BE85 /* LoginViewModel.swift */,
				584C007929FF6BA5006C4DE7 /* HomeCommonViewModel.swift */,
				584C007729FF665A006C4DE7 /* HomeTabViewModel.swift */,
				584C007B29FF8558006C4DE7 /* ProfileViewModel.swift */,
			);
			path = ViewModels;
			sourceTree = "<group>";
		};
		585C609A29FE5EE200D8BE85 /* Views */ = {
			isa = PBXGroup;
			children = (
				584C007129FF53AE006C4DE7 /* Home */,
				585C60BD29FE6BE000D8BE85 /* NavigationBar */,
			);
			path = Views;
			sourceTree = "<group>";
		};
		585C60B929FE6B7700D8BE85 /* Login */ = {
			isa = PBXGroup;
			children = (
				581CF45029F3A91C0030ACF6 /* LoginViewController.swift */,
				585C60A829FE613000D8BE85 /* LoggedInViewController.swift */,
				585C60AA29FE614100D8BE85 /* CreatingNicknameViewController.swift */,
			);
			path = Login;
			sourceTree = "<group>";
		};
		585C60BA29FE6B8100D8BE85 /* Home */ = {
			isa = PBXGroup;
			children = (
				585C60BB29FE6B9600D8BE85 /* HomeViewController.swift */,
			);
			path = Home;
			sourceTree = "<group>";
		};
		585C60BD29FE6BE000D8BE85 /* NavigationBar */ = {
			isa = PBXGroup;
			children = (
				585C60AE29FE616200D8BE85 /* CustomNavigationBarView.swift */,
			);
			path = NavigationBar;
			sourceTree = "<group>";
		};
/* End PBXGroup section */

/* Begin PBXNativeTarget section */
		581CF44829F3A91C0030ACF6 /* SOPTWEEK3 */ = {
			isa = PBXNativeTarget;
			buildConfigurationList = 581CF45D29F3A91D0030ACF6 /* Build configuration list for PBXNativeTarget "SOPTWEEK3" */;
			buildPhases = (
				581CF44529F3A91C0030ACF6 /* Sources */,
				581CF44629F3A91C0030ACF6 /* Frameworks */,
				581CF44729F3A91C0030ACF6 /* Resources */,
			);
			buildRules = (
			);
			dependencies = (
			);
			name = SOPTWEEK3;
			packageProductDependencies = (
				581CF46129F3A9A30030ACF6 /* Then */,
				581CF46429F3A9C90030ACF6 /* SnapKit */,
				585C60B129FE620D00D8BE85 /* RxCocoa */,
				585C60B329FE620D00D8BE85 /* RxRelay */,
				585C60B529FE620D00D8BE85 /* RxSwift */,
			);
			productName = SOPTWEEK3;
			productReference = 581CF44929F3A91C0030ACF6 /* SOPTWEEK3.app */;
			productType = "com.apple.product-type.application";
		};
/* End PBXNativeTarget section */

/* Begin PBXProject section */
		581CF44129F3A91C0030ACF6 /* Project object */ = {
			isa = PBXProject;
			attributes = {
				BuildIndependentTargetsInParallel = 1;
				LastSwiftUpdateCheck = 1430;
				LastUpgradeCheck = 1430;
				TargetAttributes = {
					581CF44829F3A91C0030ACF6 = {
						CreatedOnToolsVersion = 14.3;
					};
				};
			};
			buildConfigurationList = 581CF44429F3A91C0030ACF6 /* Build configuration list for PBXProject "SOPTWEEK3" */;
			compatibilityVersion = "Xcode 14.0";
			developmentRegion = en;
			hasScannedForEncodings = 0;
			knownRegions = (
				en,
				Base,
			);
			mainGroup = 581CF44029F3A91C0030ACF6;
			packageReferences = (
				581CF46029F3A9A30030ACF6 /* XCRemoteSwiftPackageReference "Then" */,
				581CF46329F3A9C90030ACF6 /* XCRemoteSwiftPackageReference "SnapKit" */,
				585C60B029FE620D00D8BE85 /* XCRemoteSwiftPackageReference "RxSwift" */,
			);
			productRefGroup = 581CF44A29F3A91C0030ACF6 /* Products */;
			projectDirPath = "";
			projectRoot = "";
			targets = (
				581CF44829F3A91C0030ACF6 /* SOPTWEEK3 */,
			);
		};
/* End PBXProject section */

/* Begin PBXResourcesBuildPhase section */
		581CF44729F3A91C0030ACF6 /* Resources */ = {
			isa = PBXResourcesBuildPhase;
			buildActionMask = 2147483647;
			files = (
				581CF45929F3A91D0030ACF6 /* LaunchScreen.storyboard in Resources */,
				581CF45629F3A91D0030ACF6 /* Assets.xcassets in Resources */,
				585C60B829FE624000D8BE85 /* PretendardVariable.ttf in Resources */,
			);
			runOnlyForDeploymentPostprocessing = 0;
		};
/* End PBXResourcesBuildPhase section */

/* Begin PBXSourcesBuildPhase section */
		581CF44529F3A91C0030ACF6 /* Sources */ = {
			isa = PBXSourcesBuildPhase;
			buildActionMask = 2147483647;
			files = (
				584C008329FFD1B9006C4DE7 /* UICollectionViewCell+Enxtensions.swift in Sources */,
				585C60A529FE60B100D8BE85 /* String+Extensions.swift in Sources */,
				584C007829FF665A006C4DE7 /* HomeTabViewModel.swift in Sources */,
				581CF45129F3A91C0030ACF6 /* LoginViewController.swift in Sources */,
				584C007A29FF6BA5006C4DE7 /* HomeCommonViewModel.swift in Sources */,
				585C609D29FE608E00D8BE85 /* UIColor+Extensions.swift in Sources */,
				584C007F29FFA7FA006C4DE7 /* ProfileModel.swift in Sources */,
				585C60A929FE613000D8BE85 /* LoggedInViewController.swift in Sources */,
				584C007C29FF8558006C4DE7 /* ProfileViewModel.swift in Sources */,
				585C60A729FE60B700D8BE85 /* Protocols.swift in Sources */,
				585C60C329FE6D8900D8BE85 /* UIImageView+Extensions.swift in Sources */,
				5813192F29FAB66000EB75B4 /* IAPManager.swift in Sources */,
				585C60AD29FE614A00D8BE85 /* LoginViewModel.swift in Sources */,
				581CF44D29F3A91C0030ACF6 /* AppDelegate.swift in Sources */,
				585C60AF29FE616200D8BE85 /* CustomNavigationBarView.swift in Sources */,
				585C60A329FE60A900D8BE85 /* UIButton+Extensions.swift in Sources */,
				581CF44F29F3A91C0030ACF6 /* SceneDelegate.swift in Sources */,
				584C008129FFC006006C4DE7 /* UILabel+Extensions.swift in Sources */,
				585C60BC29FE6B9600D8BE85 /* HomeViewController.swift in Sources */,
				583B1FD929F6E83100CC1938 /* InAppPurchaseManager.swift in Sources */,
				584C007329FF6167006C4DE7 /* HomeHeaderTabView.swift in Sources */,
				585C60BF29FE6C1E00D8BE85 /* HomeHeaderCustomBarView.swift in Sources */,
				584C007629FF6492006C4DE7 /* HomeHeaderTabCollectionViewCell.swift in Sources */,
				585C60A129FE60A100D8BE85 /* UIView+Extensions.swift in Sources */,
				585C60C129FE6D0D00D8BE85 /* UIImage+Extensions.swift in Sources */,
				585C60AB29FE614100D8BE85 /* CreatingNicknameViewController.swift in Sources */,
				585C609F29FE609A00D8BE85 /* UIFont+Extensions.swift in Sources */,
			);
			runOnlyForDeploymentPostprocessing = 0;
		};
/* End PBXSourcesBuildPhase section */

/* Begin PBXVariantGroup section */
		581CF45729F3A91D0030ACF6 /* LaunchScreen.storyboard */ = {
			isa = PBXVariantGroup;
			children = (
				581CF45829F3A91D0030ACF6 /* Base */,
			);
			name = LaunchScreen.storyboard;
			sourceTree = "<group>";
		};
/* End PBXVariantGroup section */

/* Begin XCBuildConfiguration section */
		581CF45B29F3A91D0030ACF6 /* Debug */ = {
			isa = XCBuildConfiguration;
			buildSettings = {
				ALWAYS_SEARCH_USER_PATHS = NO;
				CLANG_ANALYZER_NONNULL = YES;
				CLANG_ANALYZER_NUMBER_OBJECT_CONVERSION = YES_AGGRESSIVE;
				CLANG_CXX_LANGUAGE_STANDARD = "gnu++20";
				CLANG_ENABLE_MODULES = YES;
				CLANG_ENABLE_OBJC_ARC = YES;
				CLANG_ENABLE_OBJC_WEAK = YES;
				CLANG_WARN_BLOCK_CAPTURE_AUTORELEASING = YES;
				CLANG_WARN_BOOL_CONVERSION = YES;
				CLANG_WARN_COMMA = YES;
				CLANG_WARN_CONSTANT_CONVERSION = YES;
				CLANG_WARN_DEPRECATED_OBJC_IMPLEMENTATIONS = YES;
				CLANG_WARN_DIRECT_OBJC_ISA_USAGE = YES_ERROR;
				CLANG_WARN_DOCUMENTATION_COMMENTS = YES;
				CLANG_WARN_EMPTY_BODY = YES;
				CLANG_WARN_ENUM_CONVERSION = YES;
				CLANG_WARN_INFINITE_RECURSION = YES;
				CLANG_WARN_INT_CONVERSION = YES;
				CLANG_WARN_NON_LITERAL_NULL_CONVERSION = YES;
				CLANG_WARN_OBJC_IMPLICIT_RETAIN_SELF = YES;
				CLANG_WARN_OBJC_LITERAL_CONVERSION = YES;
				CLANG_WARN_OBJC_ROOT_CLASS = YES_ERROR;
				CLANG_WARN_QUOTED_INCLUDE_IN_FRAMEWORK_HEADER = YES;
				CLANG_WARN_RANGE_LOOP_ANALYSIS = YES;
				CLANG_WARN_STRICT_PROTOTYPES = YES;
				CLANG_WARN_SUSPICIOUS_MOVE = YES;
				CLANG_WARN_UNGUARDED_AVAILABILITY = YES_AGGRESSIVE;
				CLANG_WARN_UNREACHABLE_CODE = YES;
				CLANG_WARN__DUPLICATE_METHOD_MATCH = YES;
				COPY_PHASE_STRIP = NO;
				DEBUG_INFORMATION_FORMAT = dwarf;
				ENABLE_STRICT_OBJC_MSGSEND = YES;
				ENABLE_TESTABILITY = YES;
				GCC_C_LANGUAGE_STANDARD = gnu11;
				GCC_DYNAMIC_NO_PIC = NO;
				GCC_NO_COMMON_BLOCKS = YES;
				GCC_OPTIMIZATION_LEVEL = 0;
				GCC_PREPROCESSOR_DEFINITIONS = (
					"DEBUG=1",
					"$(inherited)",
				);
				GCC_WARN_64_TO_32_BIT_CONVERSION = YES;
				GCC_WARN_ABOUT_RETURN_TYPE = YES_ERROR;
				GCC_WARN_UNDECLARED_SELECTOR = YES;
				GCC_WARN_UNINITIALIZED_AUTOS = YES_AGGRESSIVE;
				GCC_WARN_UNUSED_FUNCTION = YES;
				GCC_WARN_UNUSED_VARIABLE = YES;
				IPHONEOS_DEPLOYMENT_TARGET = 16.0;
				MTL_ENABLE_DEBUG_INFO = INCLUDE_SOURCE;
				MTL_FAST_MATH = YES;
				ONLY_ACTIVE_ARCH = YES;
				SDKROOT = iphoneos;
				SWIFT_ACTIVE_COMPILATION_CONDITIONS = DEBUG;
				SWIFT_OPTIMIZATION_LEVEL = "-Onone";
			};
			name = Debug;
		};
		581CF45C29F3A91D0030ACF6 /* Release */ = {
			isa = XCBuildConfiguration;
			buildSettings = {
				ALWAYS_SEARCH_USER_PATHS = NO;
				CLANG_ANALYZER_NONNULL = YES;
				CLANG_ANALYZER_NUMBER_OBJECT_CONVERSION = YES_AGGRESSIVE;
				CLANG_CXX_LANGUAGE_STANDARD = "gnu++20";
				CLANG_ENABLE_MODULES = YES;
				CLANG_ENABLE_OBJC_ARC = YES;
				CLANG_ENABLE_OBJC_WEAK = YES;
				CLANG_WARN_BLOCK_CAPTURE_AUTORELEASING = YES;
				CLANG_WARN_BOOL_CONVERSION = YES;
				CLANG_WARN_COMMA = YES;
				CLANG_WARN_CONSTANT_CONVERSION = YES;
				CLANG_WARN_DEPRECATED_OBJC_IMPLEMENTATIONS = YES;
				CLANG_WARN_DIRECT_OBJC_ISA_USAGE = YES_ERROR;
				CLANG_WARN_DOCUMENTATION_COMMENTS = YES;
				CLANG_WARN_EMPTY_BODY = YES;
				CLANG_WARN_ENUM_CONVERSION = YES;
				CLANG_WARN_INFINITE_RECURSION = YES;
				CLANG_WARN_INT_CONVERSION = YES;
				CLANG_WARN_NON_LITERAL_NULL_CONVERSION = YES;
				CLANG_WARN_OBJC_IMPLICIT_RETAIN_SELF = YES;
				CLANG_WARN_OBJC_LITERAL_CONVERSION = YES;
				CLANG_WARN_OBJC_ROOT_CLASS = YES_ERROR;
				CLANG_WARN_QUOTED_INCLUDE_IN_FRAMEWORK_HEADER = YES;
				CLANG_WARN_RANGE_LOOP_ANALYSIS = YES;
				CLANG_WARN_STRICT_PROTOTYPES = YES;
				CLANG_WARN_SUSPICIOUS_MOVE = YES;
				CLANG_WARN_UNGUARDED_AVAILABILITY = YES_AGGRESSIVE;
				CLANG_WARN_UNREACHABLE_CODE = YES;
				CLANG_WARN__DUPLICATE_METHOD_MATCH = YES;
				COPY_PHASE_STRIP = NO;
				DEBUG_INFORMATION_FORMAT = "dwarf-with-dsym";
				ENABLE_NS_ASSERTIONS = NO;
				ENABLE_STRICT_OBJC_MSGSEND = YES;
				GCC_C_LANGUAGE_STANDARD = gnu11;
				GCC_NO_COMMON_BLOCKS = YES;
				GCC_WARN_64_TO_32_BIT_CONVERSION = YES;
				GCC_WARN_ABOUT_RETURN_TYPE = YES_ERROR;
				GCC_WARN_UNDECLARED_SELECTOR = YES;
				GCC_WARN_UNINITIALIZED_AUTOS = YES_AGGRESSIVE;
				GCC_WARN_UNUSED_FUNCTION = YES;
				GCC_WARN_UNUSED_VARIABLE = YES;
				IPHONEOS_DEPLOYMENT_TARGET = 16.0;
				MTL_ENABLE_DEBUG_INFO = NO;
				MTL_FAST_MATH = YES;
				SDKROOT = iphoneos;
				SWIFT_COMPILATION_MODE = wholemodule;
				SWIFT_OPTIMIZATION_LEVEL = "-O";
				VALIDATE_PRODUCT = YES;
			};
			name = Release;
		};
		581CF45E29F3A91D0030ACF6 /* Debug */ = {
			isa = XCBuildConfiguration;
			buildSettings = {
				ASSETCATALOG_COMPILER_APPICON_NAME = AppIcon;
				ASSETCATALOG_COMPILER_GLOBAL_ACCENT_COLOR_NAME = AccentColor;
				CODE_SIGN_STYLE = Automatic;
				CURRENT_PROJECT_VERSION = 1;
				DEVELOPMENT_TEAM = 98TYR8WM82;
				GENERATE_INFOPLIST_FILE = YES;
				INFOPLIST_FILE = SOPTWEEK3/Supports/Info.plist;
				INFOPLIST_KEY_UIApplicationSupportsIndirectInputEvents = YES;
				INFOPLIST_KEY_UILaunchStoryboardName = LaunchScreen;
				INFOPLIST_KEY_UIMainStoryboardFile = "";
				INFOPLIST_KEY_UISupportedInterfaceOrientations_iPad = "UIInterfaceOrientationPortrait UIInterfaceOrientationPortraitUpsideDown UIInterfaceOrientationLandscapeLeft UIInterfaceOrientationLandscapeRight";
				INFOPLIST_KEY_UISupportedInterfaceOrientations_iPhone = "UIInterfaceOrientationPortrait UIInterfaceOrientationLandscapeLeft UIInterfaceOrientationLandscapeRight";
				LD_RUNPATH_SEARCH_PATHS = (
					"$(inherited)",
					"@executable_path/Frameworks",
				);
				MARKETING_VERSION = 1.0;
				PRODUCT_BUNDLE_IDENTIFIER = com.KyuboShim.SOPTWEEK3;
				PRODUCT_NAME = "$(TARGET_NAME)";
				SWIFT_EMIT_LOC_STRINGS = YES;
				SWIFT_VERSION = 5.0;
				TARGETED_DEVICE_FAMILY = "1,2";
			};
			name = Debug;
		};
		581CF45F29F3A91D0030ACF6 /* Release */ = {
			isa = XCBuildConfiguration;
			buildSettings = {
				ASSETCATALOG_COMPILER_APPICON_NAME = AppIcon;
				ASSETCATALOG_COMPILER_GLOBAL_ACCENT_COLOR_NAME = AccentColor;
				CODE_SIGN_STYLE = Automatic;
				CURRENT_PROJECT_VERSION = 1;
				DEVELOPMENT_TEAM = 98TYR8WM82;
				GENERATE_INFOPLIST_FILE = YES;
				INFOPLIST_FILE = SOPTWEEK3/Supports/Info.plist;
				INFOPLIST_KEY_UIApplicationSupportsIndirectInputEvents = YES;
				INFOPLIST_KEY_UILaunchStoryboardName = LaunchScreen;
				INFOPLIST_KEY_UIMainStoryboardFile = "";
				INFOPLIST_KEY_UISupportedInterfaceOrientations_iPad = "UIInterfaceOrientationPortrait UIInterfaceOrientationPortraitUpsideDown UIInterfaceOrientationLandscapeLeft UIInterfaceOrientationLandscapeRight";
				INFOPLIST_KEY_UISupportedInterfaceOrientations_iPhone = "UIInterfaceOrientationPortrait UIInterfaceOrientationLandscapeLeft UIInterfaceOrientationLandscapeRight";
				LD_RUNPATH_SEARCH_PATHS = (
					"$(inherited)",
					"@executable_path/Frameworks",
				);
				MARKETING_VERSION = 1.0;
				PRODUCT_BUNDLE_IDENTIFIER = com.KyuboShim.SOPTWEEK3;
				PRODUCT_NAME = "$(TARGET_NAME)";
				SWIFT_EMIT_LOC_STRINGS = YES;
				SWIFT_VERSION = 5.0;
				TARGETED_DEVICE_FAMILY = "1,2";
			};
			name = Release;
		};
/* End XCBuildConfiguration section */

/* Begin XCConfigurationList section */
		581CF44429F3A91C0030ACF6 /* Build configuration list for PBXProject "SOPTWEEK3" */ = {
			isa = XCConfigurationList;
			buildConfigurations = (
				581CF45B29F3A91D0030ACF6 /* Debug */,
				581CF45C29F3A91D0030ACF6 /* Release */,
			);
			defaultConfigurationIsVisible = 0;
			defaultConfigurationName = Release;
		};
		581CF45D29F3A91D0030ACF6 /* Build configuration list for PBXNativeTarget "SOPTWEEK3" */ = {
			isa = XCConfigurationList;
			buildConfigurations = (
				581CF45E29F3A91D0030ACF6 /* Debug */,
				581CF45F29F3A91D0030ACF6 /* Release */,
			);
			defaultConfigurationIsVisible = 0;
			defaultConfigurationName = Release;
		};
/* End XCConfigurationList section */

/* Begin XCRemoteSwiftPackageReference section */
		581CF46029F3A9A30030ACF6 /* XCRemoteSwiftPackageReference "Then" */ = {
			isa = XCRemoteSwiftPackageReference;
			repositoryURL = "https://github.com/devxoul/Then";
			requirement = {
				kind = upToNextMajorVersion;
				minimumVersion = 3.0.0;
			};
		};
		581CF46329F3A9C90030ACF6 /* XCRemoteSwiftPackageReference "SnapKit" */ = {
			isa = XCRemoteSwiftPackageReference;
			repositoryURL = "https://github.com/SnapKit/SnapKit";
			requirement = {
				kind = upToNextMajorVersion;
				minimumVersion = 5.0.0;
			};
		};
		585C60B029FE620D00D8BE85 /* XCRemoteSwiftPackageReference "RxSwift" */ = {
			isa = XCRemoteSwiftPackageReference;
			repositoryURL = "https://github.com/ReactiveX/RxSwift";
			requirement = {
				kind = upToNextMajorVersion;
				minimumVersion = 6.0.0;
			};
		};
/* End XCRemoteSwiftPackageReference section */

/* Begin XCSwiftPackageProductDependency section */
		581CF46129F3A9A30030ACF6 /* Then */ = {
			isa = XCSwiftPackageProductDependency;
			package = 581CF46029F3A9A30030ACF6 /* XCRemoteSwiftPackageReference "Then" */;
			productName = Then;
		};
		581CF46429F3A9C90030ACF6 /* SnapKit */ = {
			isa = XCSwiftPackageProductDependency;
			package = 581CF46329F3A9C90030ACF6 /* XCRemoteSwiftPackageReference "SnapKit" */;
			productName = SnapKit;
		};
		585C60B129FE620D00D8BE85 /* RxCocoa */ = {
			isa = XCSwiftPackageProductDependency;
			package = 585C60B029FE620D00D8BE85 /* XCRemoteSwiftPackageReference "RxSwift" */;
			productName = RxCocoa;
		};
		585C60B329FE620D00D8BE85 /* RxRelay */ = {
			isa = XCSwiftPackageProductDependency;
			package = 585C60B029FE620D00D8BE85 /* XCRemoteSwiftPackageReference "RxSwift" */;
			productName = RxRelay;
		};
		585C60B529FE620D00D8BE85 /* RxSwift */ = {
			isa = XCSwiftPackageProductDependency;
			package = 585C60B029FE620D00D8BE85 /* XCRemoteSwiftPackageReference "RxSwift" */;
			productName = RxSwift;
		};
/* End XCSwiftPackageProductDependency section */
	};
	rootObject = 581CF44129F3A91C0030ACF6 /* Project object */;
}
